
Microsoft Visual Studio Solution File, Format Version 12.00
# Visual Studio Version 17
VisualStudioVersion = 17.14.36511.14
MinimumVisualStudioVersion = 10.0.40219.1
Project("{FAE04EC0-301F-11D3-BF4B-00C04F79EFBC}") = "LinguaCenter", "Trung tâm ngoại ngữ\LinguaCenter.csproj", "{A2ADAEA8-EDDB-45CC-828F-5F902271CC51}"
EndProject
Global
	GlobalSection(SolutionConfigurationPlatforms) = preSolution
		Debug|Any CPU = Debug|Any CPU
		Release|Any CPU = Release|Any CPU
	EndGlobalSection
	GlobalSection(ProjectConfigurationPlatforms) = postSolution
		{A2ADAEA8-EDDB-45CC-828F-5F902271CC51}.Debug|Any CPU.ActiveCfg = Debug|Any CPU
		{A2ADAEA8-EDDB-45CC-828F-5F902271CC51}.Debug|Any CPU.Build.0 = Debug|Any CPU
		{A2ADAEA8-EDDB-45CC-828F-5F902271CC51}.Release|Any CPU.ActiveCfg = Release|Any CPU
		{A2ADAEA8-EDDB-45CC-828F-5F902271CC51}.Release|Any CPU.Build.0 = Release|Any CPU
	EndGlobalSection
	GlobalSection(SolutionProperties) = preSolution
		HideSolutionNode = FALSE
	EndGlobalSection
	GlobalSection(ExtensibilityGlobals) = postSolution
		SolutionGuid = {0ED3DA02-C92D-4340-BF81-8F47324AA020}
	EndGlobalSection
EndGlobal
